
Microsoft Visual Studio Solution File, Format Version 12.00
# Visual Studio Version 17
VisualStudioVersion = 17.9.34728.123
MinimumVisualStudioVersion = 10.0.40219.1
Project("{FAE04EC0-301F-11D3-BF4B-00C04F79EFBC}") = "StajApi", "StajApi\StajApi.csproj", "{12C0CD5E-388F-4705-A1CE-BA5DC0494430}"
EndProject
Project("{FAE04EC0-301F-11D3-BF4B-00C04F79EFBC}") = "StajDepper", "StajDepper\StajDepper.csproj", "{4F967BFE-D713-454A-968C-35E26E290293}"
EndProject
Global
	GlobalSection(SolutionConfigurationPlatforms) = preSolution
		Debug|Any CPU = Debug|Any CPU
		Release|Any CPU = Release|Any CPU
	EndGlobalSection
	GlobalSection(ProjectConfigurationPlatforms) = postSolution
		{12C0CD5E-388F-4705-A1CE-BA5DC0494430}.Debug|Any CPU.ActiveCfg = Debug|Any CPU
		{12C0CD5E-388F-4705-A1CE-BA5DC0494430}.Debug|Any CPU.Build.0 = Debug|Any CPU
		{12C0CD5E-388F-4705-A1CE-BA5DC0494430}.Release|Any CPU.ActiveCfg = Release|Any CPU
		{12C0CD5E-388F-4705-A1CE-BA5DC0494430}.Release|Any CPU.Build.0 = Release|Any CPU
		{4F967BFE-D713-454A-968C-35E26E290293}.Debug|Any CPU.ActiveCfg = Debug|Any CPU
		{4F967BFE-D713-454A-968C-35E26E290293}.Debug|Any CPU.Build.0 = Debug|Any CPU
		{4F967BFE-D713-454A-968C-35E26E290293}.Release|Any CPU.ActiveCfg = Release|Any CPU
		{4F967BFE-D713-454A-968C-35E26E290293}.Release|Any CPU.Build.0 = Release|Any CPU
	EndGlobalSection
	GlobalSection(SolutionProperties) = preSolution
		HideSolutionNode = FALSE
	EndGlobalSection
	GlobalSection(ExtensibilityGlobals) = postSolution
		SolutionGuid = {6095A178-8962-4DAA-A2E8-F3AA45DC4000}
	EndGlobalSection
EndGlobal
